
Microsoft Visual Studio Solution File, Format Version 12.00
# Visual Studio Version 17
VisualStudioVersion = 17.4.33205.214
MinimumVisualStudioVersion = 10.0.40219.1
Project("{9A19103F-16F7-4668-BE54-9A1E7A4F7556}") = "AscNet", "AscNet\AscNet.csproj", "{817773C2-B4F3-48D5-9CDE-977BB0A0920E}"
EndProject
Project("{9A19103F-16F7-4668-BE54-9A1E7A4F7556}") = "AscNet.Common", "AscNet.Common\AscNet.Common.csproj", "{BE6BB857-5DA2-4A7D-B8AB-6901460DC2B9}"
EndProject
Project("{9A19103F-16F7-4668-BE54-9A1E7A4F7556}") = "AscNet.SDKServer", "AscNet.SDKServer\AscNet.SDKServer.csproj", "{B5040F93-BA7F-4E76-AF54-E3FAA857A5DA}"
EndProject
Project("{9A19103F-16F7-4668-BE54-9A1E7A4F7556}") = "AscNet.GameServer", "AscNet.GameServer\AscNet.GameServer.csproj", "{EB20C0CB-7CA1-459F-8410-7A27CC99F98C}"
EndProject
Project("{9A19103F-16F7-4668-BE54-9A1E7A4F7556}") = "AscNet.Test", "AscNet.Test\AscNet.Test.csproj", "{DD4C8BB1-2422-4AA4-A12C-9B3A25873887}"
EndProject
Project("{9A19103F-16F7-4668-BE54-9A1E7A4F7556}") = "AscNet.Logging", "AscNet.Logging\AscNet.Logging.csproj", "{1DFF24B2-A3E1-4E5B-A1E4-3FE7022828EF}"
EndProject
Project("{FAE04EC0-301F-11D3-BF4B-00C04F79EFBC}") = "AscNet.Table", "AscNet.Table\AscNet.Table.csproj", "{7B6F3E2A-69D6-429B-9D5C-52339093663C}"
EndProject
Global
	GlobalSection(SolutionConfigurationPlatforms) = preSolution
		Debug|Any CPU = Debug|Any CPU
		Release|Any CPU = Release|Any CPU
	EndGlobalSection
	GlobalSection(ProjectConfigurationPlatforms) = postSolution
		{817773C2-B4F3-48D5-9CDE-977BB0A0920E}.Debug|Any CPU.ActiveCfg = Debug|Any CPU
		{817773C2-B4F3-48D5-9CDE-977BB0A0920E}.Debug|Any CPU.Build.0 = Debug|Any CPU
		{817773C2-B4F3-48D5-9CDE-977BB0A0920E}.Release|Any CPU.ActiveCfg = Release|Any CPU
		{817773C2-B4F3-48D5-9CDE-977BB0A0920E}.Release|Any CPU.Build.0 = Release|Any CPU
		{BE6BB857-5DA2-4A7D-B8AB-6901460DC2B9}.Debug|Any CPU.ActiveCfg = Debug|Any CPU
		{BE6BB857-5DA2-4A7D-B8AB-6901460DC2B9}.Debug|Any CPU.Build.0 = Debug|Any CPU
		{BE6BB857-5DA2-4A7D-B8AB-6901460DC2B9}.Release|Any CPU.ActiveCfg = Release|Any CPU
		{BE6BB857-5DA2-4A7D-B8AB-6901460DC2B9}.Release|Any CPU.Build.0 = Release|Any CPU
		{B5040F93-BA7F-4E76-AF54-E3FAA857A5DA}.Debug|Any CPU.ActiveCfg = Debug|Any CPU
		{B5040F93-BA7F-4E76-AF54-E3FAA857A5DA}.Debug|Any CPU.Build.0 = Debug|Any CPU
		{B5040F93-BA7F-4E76-AF54-E3FAA857A5DA}.Release|Any CPU.ActiveCfg = Release|Any CPU
		{B5040F93-BA7F-4E76-AF54-E3FAA857A5DA}.Release|Any CPU.Build.0 = Release|Any CPU
		{EB20C0CB-7CA1-459F-8410-7A27CC99F98C}.Debug|Any CPU.ActiveCfg = Debug|Any CPU
		{EB20C0CB-7CA1-459F-8410-7A27CC99F98C}.Debug|Any CPU.Build.0 = Debug|Any CPU
		{EB20C0CB-7CA1-459F-8410-7A27CC99F98C}.Release|Any CPU.ActiveCfg = Release|Any CPU
		{EB20C0CB-7CA1-459F-8410-7A27CC99F98C}.Release|Any CPU.Build.0 = Release|Any CPU
		{DD4C8BB1-2422-4AA4-A12C-9B3A25873887}.Debug|Any CPU.ActiveCfg = Debug|Any CPU
		{DD4C8BB1-2422-4AA4-A12C-9B3A25873887}.Debug|Any CPU.Build.0 = Debug|Any CPU
		{DD4C8BB1-2422-4AA4-A12C-9B3A25873887}.Release|Any CPU.ActiveCfg = Release|Any CPU
		{DD4C8BB1-2422-4AA4-A12C-9B3A25873887}.Release|Any CPU.Build.0 = Release|Any CPU
		{1DFF24B2-A3E1-4E5B-A1E4-3FE7022828EF}.Debug|Any CPU.ActiveCfg = Debug|Any CPU
		{1DFF24B2-A3E1-4E5B-A1E4-3FE7022828EF}.Debug|Any CPU.Build.0 = Debug|Any CPU
		{1DFF24B2-A3E1-4E5B-A1E4-3FE7022828EF}.Release|Any CPU.ActiveCfg = Release|Any CPU
		{1DFF24B2-A3E1-4E5B-A1E4-3FE7022828EF}.Release|Any CPU.Build.0 = Release|Any CPU
		{7B6F3E2A-69D6-429B-9D5C-52339093663C}.Debug|Any CPU.ActiveCfg = Debug|Any CPU
		{7B6F3E2A-69D6-429B-9D5C-52339093663C}.Debug|Any CPU.Build.0 = Debug|Any CPU
		{7B6F3E2A-69D6-429B-9D5C-52339093663C}.Release|Any CPU.ActiveCfg = Release|Any CPU
		{7B6F3E2A-69D6-429B-9D5C-52339093663C}.Release|Any CPU.Build.0 = Release|Any CPU
	EndGlobalSection
	GlobalSection(SolutionProperties) = preSolution
		HideSolutionNode = FALSE
	EndGlobalSection
	GlobalSection(ExtensibilityGlobals) = postSolution
		SolutionGuid = {0B18F04D-9322-4DF3-AEDE-FBB4F919E558}
	EndGlobalSection
EndGlobal
